// !$*UTF8*$!
{
	archiveVersion = 1;
	classes = {
	};
	objectVersion = 50;
	objects = {

/* Begin PBXBuildFile section */
		21BF657423FD867000ADEE05 /* AppDelegate.swift in Sources */ = {isa = PBXBuildFile; fileRef = 21BF657323FD867000ADEE05 /* AppDelegate.swift */; };
		21BF657623FD867000ADEE05 /* SceneDelegate.swift in Sources */ = {isa = PBXBuildFile; fileRef = 21BF657523FD867000ADEE05 /* SceneDelegate.swift */; };
		21BF657823FD867000ADEE05 /* ContentView.swift in Sources */ = {isa = PBXBuildFile; fileRef = 21BF657723FD867000ADEE05 /* ContentView.swift */; };
		21BF657A23FD867100ADEE05 /* Assets.xcassets in Resources */ = {isa = PBXBuildFile; fileRef = 21BF657923FD867100ADEE05 /* Assets.xcassets */; };
		21BF657D23FD867100ADEE05 /* Preview Assets.xcassets in Resources */ = {isa = PBXBuildFile; fileRef = 21BF657C23FD867100ADEE05 /* Preview Assets.xcassets */; };
		21BF658023FD867100ADEE05 /* LaunchScreen.storyboard in Resources */ = {isa = PBXBuildFile; fileRef = 21BF657E23FD867100ADEE05 /* LaunchScreen.storyboard */; };
		21BF6588240162B700ADEE05 /* AboutView.swift in Sources */ = {isa = PBXBuildFile; fileRef = 21BF6587240162B700ADEE05 /* AboutView.swift */; };
/* End PBXBuildFile section */

/* Begin PBXFileReference section */
		21BF657023FD867000ADEE05 /* bullseyeLearning.app */ = {isa = PBXFileReference; explicitFileType = wrapper.application; includeInIndex = 0; path = bullseyeLearning.app; sourceTree = BUILT_PRODUCTS_DIR; };
		21BF657323FD867000ADEE05 /* AppDelegate.swift */ = {isa = PBXFileReference; lastKnownFileType = sourcecode.swift; path = AppDelegate.swift; sourceTree = "<group>"; };
		21BF657523FD867000ADEE05 /* SceneDelegate.swift */ = {isa = PBXFileReference; lastKnownFileType = sourcecode.swift; path = SceneDelegate.swift; sourceTree = "<group>"; };
		21BF657723FD867000ADEE05 /* ContentView.swift */ = {isa = PBXFileReference; lastKnownFileType = sourcecode.swift; path = ContentView.swift; sourceTree = "<group>"; };
		21BF657923FD867100ADEE05 /* Assets.xcassets */ = {isa = PBXFileReference; lastKnownFileType = folder.assetcatalog; path = Assets.xcassets; sourceTree = "<group>"; };
		21BF657C23FD867100ADEE05 /* Preview Assets.xcassets */ = {isa = PBXFileReference; lastKnownFileType = folder.assetcatalog; path = "Preview Assets.xcassets"; sourceTree = "<group>"; };
		21BF657F23FD867100ADEE05 /* Base */ = {isa = PBXFileReference; lastKnownFileType = file.storyboard; name = Base; path = Base.lproj/LaunchScreen.storyboard; sourceTree = "<group>"; };
		21BF658123FD867100ADEE05 /* Info.plist */ = {isa = PBXFileReference; lastKnownFileType = text.plist.xml; path = Info.plist; sourceTree = "<group>"; };
		21BF6587240162B700ADEE05 /* AboutView.swift */ = {isa = PBXFileReference; lastKnownFileType = sourcecode.swift; path = AboutView.swift; sourceTree = "<group>"; };
/* End PBXFileReference section */

/* Begin PBXFrameworksBuildPhase section */
		21BF656D23FD867000ADEE05 /* Frameworks */ = {
			isa = PBXFrameworksBuildPhase;
			buildActionMask = 2147483647;
			files = (
			);
			runOnlyForDeploymentPostprocessing = 0;
		};
/* End PBXFrameworksBuildPhase section */

/* Begin PBXGroup section */
		21BF656723FD867000ADEE05 = {
			isa = PBXGroup;
			children = (
				21BF657223FD867000ADEE05 /* bullseyeLearning */,
				21BF657123FD867000ADEE05 /* Products */,
			);
			sourceTree = "<group>";
		};
		21BF657123FD867000ADEE05 /* Products */ = {
			isa = PBXGroup;
			children = (
				21BF657023FD867000ADEE05 /* bullseyeLearning.app */,
			);
			name = Products;
			sourceTree = "<group>";
		};
		21BF657223FD867000ADEE05 /* bullseyeLearning */ = {
			isa = PBXGroup;
			children = (
				21BF657323FD867000ADEE05 /* AppDelegate.swift */,
				21BF657523FD867000ADEE05 /* SceneDelegate.swift */,
				21BF657723FD867000ADEE05 /* ContentView.swift */,
				21BF6587240162B700ADEE05 /* AboutView.swift */,
				21BF657923FD867100ADEE05 /* Assets.xcassets */,
				21BF657E23FD867100ADEE05 /* LaunchScreen.storyboard */,
				21BF658123FD867100ADEE05 /* Info.plist */,
				21BF657B23FD867100ADEE05 /* Preview Content */,
			);
			path = bullseyeLearning;
			sourceTree = "<group>";
		};
		21BF657B23FD867100ADEE05 /* Preview Content */ = {
			isa = PBXGroup;
			children = (
				21BF657C23FD867100ADEE05 /* Preview Assets.xcassets */,
			);
			path = "Preview Content";
			sourceTree = "<group>";
		};
/* End PBXGroup section */

/* Begin PBXNativeTarget section */
		21BF656F23FD867000ADEE05 /* bullseyeLearning */ = {
			isa = PBXNativeTarget;
			buildConfigurationList = 21BF658423FD867100ADEE05 /* Build configuration list for PBXNativeTarget "bullseyeLearning" */;
			buildPhases = (
				21BF656C23FD867000ADEE05 /* Sources */,
				21BF656D23FD867000ADEE05 /* Frameworks */,
				21BF656E23FD867000ADEE05 /* Resources */,
			);
			buildRules = (
			);
			dependencies = (
			);
			name = bullseyeLearning;
			productName = bullseyeLearning;
			productReference = 21BF657023FD867000ADEE05 /* bullseyeLearning.app */;
			productType = "com.apple.product-type.application";
		};
/* End PBXNativeTarget section */

/* Begin PBXProject section */
		21BF656823FD867000ADEE05 /* Project object */ = {
			isa = PBXProject;
			attributes = {
				LastSwiftUpdateCheck = 1130;
				LastUpgradeCheck = 1130;
				ORGANIZATIONNAME = Wyn;
				TargetAttributes = {
					21BF656F23FD867000ADEE05 = {
						CreatedOnToolsVersion = 11.3.1;
					};
				};
			};
			buildConfigurationList = 21BF656B23FD867000ADEE05 /* Build configuration list for PBXProject "bullseyeLearning" */;
			compatibilityVersion = "Xcode 9.3";
			developmentRegion = en;
			hasScannedForEncodings = 0;
			knownRegions = (
				en,
				Base,
			);
			mainGroup = 21BF656723FD867000ADEE05;
			productRefGroup = 21BF657123FD867000ADEE05 /* Products */;
			projectDirPath = "";
			projectRoot = "";
			targets = (
				21BF656F23FD867000ADEE05 /* bullseyeLearning */,
			);
		};
/* End PBXProject section */

/* Begin PBXResourcesBuildPhase section */
		21BF656E23FD867000ADEE05 /* Resources */ = {
			isa = PBXResourcesBuildPhase;
			buildActionMask = 2147483647;
			files = (
				21BF658023FD867100ADEE05 /* LaunchScreen.storyboard in Resources */,
				21BF657D23FD867100ADEE05 /* Preview Assets.xcassets in Resources */,
				21BF657A23FD867100ADEE05 /* Assets.xcassets in Resources */,
			);
			runOnlyForDeploymentPostprocessing = 0;
		};
/* End PBXResourcesBuildPhase section */

/* Begin PBXSourcesBuildPhase section */
		21BF656C23FD867000ADEE05 /* Sources */ = {
			isa = PBXSourcesBuildPhase;
			buildActionMask = 2147483647;
			files = (
				21BF6588240162B700ADEE05 /* AboutView.swift in Sources */,
				21BF657423FD867000ADEE05 /* AppDelegate.swift in Sources */,
				21BF657623FD867000ADEE05 /* SceneDelegate.swift in Sources */,
				21BF657823FD867000ADEE05 /* ContentView.swift in Sources */,
			);
			runOnlyForDeploymentPostprocessing = 0;
		};
/* End PBXSourcesBuildPhase section */

/* Begin PBXVariantGroup section */
		21BF657E23FD867100ADEE05 /* LaunchScreen.storyboard */ = {
			isa = PBXVariantGroup;
			children = (
				21BF657F23FD867100ADEE05 /* Base */,
			);
			name = LaunchScreen.storyboard;
			sourceTree = "<group>";
		};
/* End PBXVariantGroup section */

/* Begin XCBuildConfiguration section */
		21BF658223FD867100ADEE05 /* Debug */ = {
			isa = XCBuildConfiguration;
			buildSettings = {
				ALWAYS_SEARCH_USER_PATHS = NO;
				CLANG_ANALYZER_NONNULL = YES;
				CLANG_ANALYZER_NUMBER_OBJECT_CONVERSION = YES_AGGRESSIVE;
				CLANG_CXX_LANGUAGE_STANDARD = "gnu++14";
				CLANG_CXX_LIBRARY = "libc++";
				CLANG_ENABLE_MODULES = YES;
				CLANG_ENABLE_OBJC_ARC = YES;
				CLANG_ENABLE_OBJC_WEAK = YES;
				CLANG_WARN_BLOCK_CAPTURE_AUTORELEASING = YES;
				CLANG_WARN_BOOL_CONVERSION = YES;
				CLANG_WARN_COMMA = YES;
				CLANG_WARN_CONSTANT_CONVERSION = YES;
				CLANG_WARN_DEPRECATED_OBJC_IMPLEMENTATIONS = YES;
				CLANG_WARN_DIRECT_OBJC_ISA_USAGE = YES_ERROR;
				CLANG_WARN_DOCUMENTATION_COMMENTS = YES;
				CLANG_WARN_EMPTY_BODY = YES;
				CLANG_WARN_ENUM_CONVERSION = YES;
				CLANG_WARN_INFINITE_RECURSION = YES;
				CLANG_WARN_INT_CONVERSION = YES;
				CLANG_WARN_NON_LITERAL_NULL_CONVERSION = YES;
				CLANG_WARN_OBJC_IMPLICIT_RETAIN_SELF = YES;
				CLANG_WARN_OBJC_LITERAL_CONVERSION = YES;
				CLANG_WARN_OBJC_ROOT_CLASS = YES_ERROR;
				CLANG_WARN_RANGE_LOOP_ANALYSIS = YES;
				CLANG_WARN_STRICT_PROTOTYPES = YES;
				CLANG_WARN_SUSPICIOUS_MOVE = YES;
				CLANG_WARN_UNGUARDED_AVAILABILITY = YES_AGGRESSIVE;
				CLANG_WARN_UNREACHABLE_CODE = YES;
				CLANG_WARN__DUPLICATE_METHOD_MATCH = YES;
				COPY_PHASE_STRIP = NO;
				DEBUG_INFORMATION_FORMAT = dwarf;
				ENABLE_STRICT_OBJC_MSGSEND = YES;
				ENABLE_TESTABILITY = YES;
				GCC_C_LANGUAGE_STANDARD = gnu11;
				GCC_DYNAMIC_NO_PIC = NO;
				GCC_NO_COMMON_BLOCKS = YES;
				GCC_OPTIMIZATION_LEVEL = 0;
				GCC_PREPROCESSOR_DEFINITIONS = (
					"DEBUG=1",
					"$(inherited)",
				);
				GCC_WARN_64_TO_32_BIT_CONVERSION = YES;
				GCC_WARN_ABOUT_RETURN_TYPE = YES_ERROR;
				GCC_WARN_UNDECLARED_SELECTOR = YES;
				GCC_WARN_UNINITIALIZED_AUTOS = YES_AGGRESSIVE;
				GCC_WARN_UNUSED_FUNCTION = YES;
				GCC_WARN_UNUSED_VARIABLE = YES;
				IPHONEOS_DEPLOYMENT_TARGET = 13.2;
				MTL_ENABLE_DEBUG_INFO = INCLUDE_SOURCE;
				MTL_FAST_MATH = YES;
				ONLY_ACTIVE_ARCH = YES;
				SDKROOT = iphoneos;
				SWIFT_ACTIVE_COMPILATION_CONDITIONS = DEBUG;
				SWIFT_OPTIMIZATION_LEVEL = "-Onone";
			};
			name = Debug;
		};
		21BF658323FD867100ADEE05 /* Release */ = {
			isa = XCBuildConfiguration;
			buildSettings = {
				ALWAYS_SEARCH_USER_PATHS = NO;
				CLANG_ANALYZER_NONNULL = YES;
				CLANG_ANALYZER_NUMBER_OBJECT_CONVERSION = YES_AGGRESSIVE;
				CLANG_CXX_LANGUAGE_STANDARD = "gnu++14";
				CLANG_CXX_LIBRARY = "libc++";
				CLANG_ENABLE_MODULES = YES;
				CLANG_ENABLE_OBJC_ARC = YES;
				CLANG_ENABLE_OBJC_WEAK = YES;
				CLANG_WARN_BLOCK_CAPTURE_AUTORELEASING = YES;
				CLANG_WARN_BOOL_CONVERSION = YES;
				CLANG_WARN_COMMA = YES;
				CLANG_WARN_CONSTANT_CONVERSION = YES;
				CLANG_WARN_DEPRECATED_OBJC_IMPLEMENTATIONS = YES;
				CLANG_WARN_DIRECT_OBJC_ISA_USAGE = YES_ERROR;
				CLANG_WARN_DOCUMENTATION_COMMENTS = YES;
				CLANG_WARN_EMPTY_BODY = YES;
				CLANG_WARN_ENUM_CONVERSION = YES;
				CLANG_WARN_INFINITE_RECURSION = YES;
				CLANG_WARN_INT_CONVERSION = YES;
				CLANG_WARN_NON_LITERAL_NULL_CONVERSION = YES;
				CLANG_WARN_OBJC_IMPLICIT_RETAIN_SELF = YES;
				CLANG_WARN_OBJC_LITERAL_CONVERSION = YES;
				CLANG_WARN_OBJC_ROOT_CLASS = YES_ERROR;
				CLANG_WARN_RANGE_LOOP_ANALYSIS = YES;
				CLANG_WARN_STRICT_PROTOTYPES = YES;
				CLANG_WARN_SUSPICIOUS_MOVE = YES;
				CLANG_WARN_UNGUARDED_AVAILABILITY = YES_AGGRESSIVE;
				CLANG_WARN_UNREACHABLE_CODE = YES;
				CLANG_WARN__DUPLICATE_METHOD_MATCH = YES;
				COPY_PHASE_STRIP = NO;
				DEBUG_INFORMATION_FORMAT = "dwarf-with-dsym";
				ENABLE_NS_ASSERTIONS = NO;
				ENABLE_STRICT_OBJC_MSGSEND = YES;
				GCC_C_LANGUAGE_STANDARD = gnu11;
				GCC_NO_COMMON_BLOCKS = YES;
				GCC_WARN_64_TO_32_BIT_CONVERSION = YES;
				GCC_WARN_ABOUT_RETURN_TYPE = YES_ERROR;
				GCC_WARN_UNDECLARED_SELECTOR = YES;
				GCC_WARN_UNINITIALIZED_AUTOS = YES_AGGRESSIVE;
				GCC_WARN_UNUSED_FUNCTION = YES;
				GCC_WARN_UNUSED_VARIABLE = YES;
				IPHONEOS_DEPLOYMENT_TARGET = 13.2;
				MTL_ENABLE_DEBUG_INFO = NO;
				MTL_FAST_MATH = YES;
				SDKROOT = iphoneos;
				SWIFT_COMPILATION_MODE = wholemodule;
				SWIFT_OPTIMIZATION_LEVEL = "-O";
				VALIDATE_PRODUCT = YES;
			};
			name = Release;
		};
		21BF658523FD867100ADEE05 /* Debug */ = {
			isa = XCBuildConfiguration;
			buildSettings = {
				ASSETCATALOG_COMPILER_APPICON_NAME = AppIcon;
				CODE_SIGN_STYLE = Automatic;
				DEVELOPMENT_ASSET_PATHS = "\"bullseyeLearning/Preview Content\"";
				DEVELOPMENT_TEAM = 7QN4P34VRJ;
				ENABLE_PREVIEWS = YES;
				INFOPLIST_FILE = bullseyeLearning/Info.plist;
				LD_RUNPATH_SEARCH_PATHS = (
					"$(inherited)",
					"@executable_path/Frameworks",
				);
				PRODUCT_BUNDLE_IDENTIFIER = com.wyn.bullseyeLearning;
				PRODUCT_NAME = "$(TARGET_NAME)";
				SWIFT_VERSION = 5.0;
				TARGETED_DEVICE_FAMILY = "1,2";
			};
			name = Debug;
		};
		21BF658623FD867100ADEE05 /* Release */ = {
			isa = XCBuildConfiguration;
			buildSettings = {
				ASSETCATALOG_COMPILER_APPICON_NAME = AppIcon;
				CODE_SIGN_STYLE = Automatic;
				DEVELOPMENT_ASSET_PATHS = "\"bullseyeLearning/Preview Content\"";
				DEVELOPMENT_TEAM = 7QN4P34VRJ;
				ENABLE_PREVIEWS = YES;
				INFOPLIST_FILE = bullseyeLearning/Info.plist;
				LD_RUNPATH_SEARCH_PATHS = (
					"$(inherited)",
					"@executable_path/Frameworks",
				);
				PRODUCT_BUNDLE_IDENTIFIER = com.wyn.bullseyeLearning;
				PRODUCT_NAME = "$(TARGET_NAME)";
				SWIFT_VERSION = 5.0;
				TARGETED_DEVICE_FAMILY = "1,2";
			};
			name = Release;
		};
/* End XCBuildConfiguration section */

/* Begin XCConfigurationList section */
		21BF656B23FD867000ADEE05 /* Build configuration list for PBXProject "bullseyeLearning" */ = {
			isa = XCConfigurationList;
			buildConfigurations = (
				21BF658223FD867100ADEE05 /* Debug */,
				21BF658323FD867100ADEE05 /* Release */,
			);
			defaultConfigurationIsVisible = 0;
			defaultConfigurationName = Release;
		};
		21BF658423FD867100ADEE05 /* Build configuration list for PBXNativeTarget "bullseyeLearning" */ = {
			isa = XCConfigurationList;
			buildConfigurations = (
				21BF658523FD867100ADEE05 /* Debug */,
				21BF658623FD867100ADEE05 /* Release */,
			);
			defaultConfigurationIsVisible = 0;
			defaultConfigurationName = Release;
		};
/* End XCConfigurationList section */
	};
	rootObject = 21BF656823FD867000ADEE05 /* Project object */;
}
