// !$*UTF8*$!
{
	archiveVersion = 1;
	classes = {
	};
	objectVersion = 50;
	objects = {

/* Begin PBXBuildFile section */
		21485BA524AB837F00CCA204 /* DesignView.swift in Sources */ = {isa = PBXBuildFile; fileRef = 21485BA424AB837F00CCA204 /* DesignView.swift */; };
		21D98BB324A99F8000127AF6 /* AppDelegate.swift in Sources */ = {isa = PBXBuildFile; fileRef = 21D98BB224A99F8000127AF6 /* AppDelegate.swift */; };
		21D98BB524A99F8000127AF6 /* SceneDelegate.swift in Sources */ = {isa = PBXBuildFile; fileRef = 21D98BB424A99F8000127AF6 /* SceneDelegate.swift */; };
		21D98BBA24A99F8000127AF6 /* Main.storyboard in Resources */ = {isa = PBXBuildFile; fileRef = 21D98BB824A99F8000127AF6 /* Main.storyboard */; };
		21D98BBC24A99F8500127AF6 /* Assets.xcassets in Resources */ = {isa = PBXBuildFile; fileRef = 21D98BBB24A99F8500127AF6 /* Assets.xcassets */; };
		21D98BBF24A99F8500127AF6 /* LaunchScreen.storyboard in Resources */ = {isa = PBXBuildFile; fileRef = 21D98BBD24A99F8500127AF6 /* LaunchScreen.storyboard */; };
		21D98BC824A9A4B000127AF6 /* User.swift in Sources */ = {isa = PBXBuildFile; fileRef = 21D98BC724A9A4B000127AF6 /* User.swift */; };
		21D98BCE24A9CF4000127AF6 /* APIService.swift in Sources */ = {isa = PBXBuildFile; fileRef = 21D98BCD24A9CF4000127AF6 /* APIService.swift */; };
		21D98BD024A9EE1F00127AF6 /* UserListTableViewCell.swift in Sources */ = {isa = PBXBuildFile; fileRef = 21D98BCF24A9EE1F00127AF6 /* UserListTableViewCell.swift */; };
		21D98BD224AA16D300127AF6 /* UserViewModel.swift in Sources */ = {isa = PBXBuildFile; fileRef = 21D98BD124AA16D300127AF6 /* UserViewModel.swift */; };
		21D98BD424AA2BD100127AF6 /* UserListViewController.swift in Sources */ = {isa = PBXBuildFile; fileRef = 21D98BD324AA2BD100127AF6 /* UserListViewController.swift */; };
/* End PBXBuildFile section */

/* Begin PBXFileReference section */
		21485BA424AB837F00CCA204 /* DesignView.swift */ = {isa = PBXFileReference; lastKnownFileType = sourcecode.swift; path = DesignView.swift; sourceTree = "<group>"; };
		21D98BAF24A99F8000127AF6 /* GitHub_UsersList.app */ = {isa = PBXFileReference; explicitFileType = wrapper.application; includeInIndex = 0; path = GitHub_UsersList.app; sourceTree = BUILT_PRODUCTS_DIR; };
		21D98BB224A99F8000127AF6 /* AppDelegate.swift */ = {isa = PBXFileReference; lastKnownFileType = sourcecode.swift; path = AppDelegate.swift; sourceTree = "<group>"; };
		21D98BB424A99F8000127AF6 /* SceneDelegate.swift */ = {isa = PBXFileReference; lastKnownFileType = sourcecode.swift; path = SceneDelegate.swift; sourceTree = "<group>"; };
		21D98BB924A99F8000127AF6 /* Base */ = {isa = PBXFileReference; lastKnownFileType = file.storyboard; name = Base; path = Base.lproj/Main.storyboard; sourceTree = "<group>"; };
		21D98BBB24A99F8500127AF6 /* Assets.xcassets */ = {isa = PBXFileReference; lastKnownFileType = folder.assetcatalog; path = Assets.xcassets; sourceTree = "<group>"; };
		21D98BBE24A99F8500127AF6 /* Base */ = {isa = PBXFileReference; lastKnownFileType = file.storyboard; name = Base; path = Base.lproj/LaunchScreen.storyboard; sourceTree = "<group>"; };
		21D98BC024A99F8500127AF6 /* Info.plist */ = {isa = PBXFileReference; lastKnownFileType = text.plist.xml; path = Info.plist; sourceTree = "<group>"; };
		21D98BC724A9A4B000127AF6 /* User.swift */ = {isa = PBXFileReference; lastKnownFileType = sourcecode.swift; path = User.swift; sourceTree = "<group>"; };
		21D98BCD24A9CF4000127AF6 /* APIService.swift */ = {isa = PBXFileReference; lastKnownFileType = sourcecode.swift; path = APIService.swift; sourceTree = "<group>"; };
		21D98BCF24A9EE1F00127AF6 /* UserListTableViewCell.swift */ = {isa = PBXFileReference; lastKnownFileType = sourcecode.swift; path = UserListTableViewCell.swift; sourceTree = "<group>"; };
		21D98BD124AA16D300127AF6 /* UserViewModel.swift */ = {isa = PBXFileReference; lastKnownFileType = sourcecode.swift; path = UserViewModel.swift; sourceTree = "<group>"; };
		21D98BD324AA2BD100127AF6 /* UserListViewController.swift */ = {isa = PBXFileReference; lastKnownFileType = sourcecode.swift; path = UserListViewController.swift; sourceTree = "<group>"; };
/* End PBXFileReference section */

/* Begin PBXFrameworksBuildPhase section */
		21D98BAC24A99F8000127AF6 /* Frameworks */ = {
			isa = PBXFrameworksBuildPhase;
			buildActionMask = 2147483647;
			files = (
			);
			runOnlyForDeploymentPostprocessing = 0;
		};
/* End PBXFrameworksBuildPhase section */

/* Begin PBXGroup section */
		21D98BA624A99F7F00127AF6 = {
			isa = PBXGroup;
			children = (
				21D98BB124A99F8000127AF6 /* GitHub_UsersList */,
				21D98BB024A99F8000127AF6 /* Products */,
			);
			sourceTree = "<group>";
		};
		21D98BB024A99F8000127AF6 /* Products */ = {
			isa = PBXGroup;
			children = (
				21D98BAF24A99F8000127AF6 /* GitHub_UsersList.app */,
			);
			name = Products;
			sourceTree = "<group>";
		};
		21D98BB124A99F8000127AF6 /* GitHub_UsersList */ = {
			isa = PBXGroup;
			children = (
				21D98BD524AA42A000127AF6 /* Networking */,
				21D98BC624A9A47800127AF6 /* Model */,
				21D98BC924A9CC1100127AF6 /* View */,
				21D98BCA24A9CCA900127AF6 /* ViewModel */,
				21D98BB224A99F8000127AF6 /* AppDelegate.swift */,
				21D98BB424A99F8000127AF6 /* SceneDelegate.swift */,
				21D98BBB24A99F8500127AF6 /* Assets.xcassets */,
				21D98BBD24A99F8500127AF6 /* LaunchScreen.storyboard */,
				21D98BC024A99F8500127AF6 /* Info.plist */,
			);
			path = GitHub_UsersList;
			sourceTree = "<group>";
		};
		21D98BC624A9A47800127AF6 /* Model */ = {
			isa = PBXGroup;
			children = (
				21D98BC724A9A4B000127AF6 /* User.swift */,
			);
			path = Model;
			sourceTree = "<group>";
		};
		21D98BC924A9CC1100127AF6 /* View */ = {
			isa = PBXGroup;
			children = (
				21D98BB824A99F8000127AF6 /* Main.storyboard */,
				21D98BCF24A9EE1F00127AF6 /* UserListTableViewCell.swift */,
				21485BA424AB837F00CCA204 /* DesignView.swift */,
			);
			path = View;
			sourceTree = "<group>";
		};
		21D98BCA24A9CCA900127AF6 /* ViewModel */ = {
			isa = PBXGroup;
			children = (
				21D98BD124AA16D300127AF6 /* UserViewModel.swift */,
				21D98BD324AA2BD100127AF6 /* UserListViewController.swift */,
			);
			path = ViewModel;
			sourceTree = "<group>";
		};
		21D98BD524AA42A000127AF6 /* Networking */ = {
			isa = PBXGroup;
			children = (
				21D98BCD24A9CF4000127AF6 /* APIService.swift */,
			);
			path = Networking;
			sourceTree = "<group>";
		};
/* End PBXGroup section */

/* Begin PBXNativeTarget section */
		21D98BAE24A99F8000127AF6 /* GitHub_UsersList */ = {
			isa = PBXNativeTarget;
			buildConfigurationList = 21D98BC324A99F8600127AF6 /* Build configuration list for PBXNativeTarget "GitHub_UsersList" */;
			buildPhases = (
				21D98BAB24A99F8000127AF6 /* Sources */,
				21D98BAC24A99F8000127AF6 /* Frameworks */,
				21D98BAD24A99F8000127AF6 /* Resources */,
			);
			buildRules = (
			);
			dependencies = (
			);
			name = GitHub_UsersList;
			productName = GitHub_UsersList;
			productReference = 21D98BAF24A99F8000127AF6 /* GitHub_UsersList.app */;
			productType = "com.apple.product-type.application";
		};
/* End PBXNativeTarget section */

/* Begin PBXProject section */
		21D98BA724A99F8000127AF6 /* Project object */ = {
			isa = PBXProject;
			attributes = {
				LastSwiftUpdateCheck = 1150;
				LastUpgradeCheck = 1150;
				ORGANIZATIONNAME = Wyn;
				TargetAttributes = {
					21D98BAE24A99F8000127AF6 = {
						CreatedOnToolsVersion = 11.5;
					};
				};
			};
			buildConfigurationList = 21D98BAA24A99F8000127AF6 /* Build configuration list for PBXProject "GitHub_UsersList" */;
			compatibilityVersion = "Xcode 9.3";
			developmentRegion = en;
			hasScannedForEncodings = 0;
			knownRegions = (
				en,
				Base,
			);
			mainGroup = 21D98BA624A99F7F00127AF6;
			productRefGroup = 21D98BB024A99F8000127AF6 /* Products */;
			projectDirPath = "";
			projectRoot = "";
			targets = (
				21D98BAE24A99F8000127AF6 /* GitHub_UsersList */,
			);
		};
/* End PBXProject section */

/* Begin PBXResourcesBuildPhase section */
		21D98BAD24A99F8000127AF6 /* Resources */ = {
			isa = PBXResourcesBuildPhase;
			buildActionMask = 2147483647;
			files = (
				21D98BBF24A99F8500127AF6 /* LaunchScreen.storyboard in Resources */,
				21D98BBC24A99F8500127AF6 /* Assets.xcassets in Resources */,
				21D98BBA24A99F8000127AF6 /* Main.storyboard in Resources */,
			);
			runOnlyForDeploymentPostprocessing = 0;
		};
/* End PBXResourcesBuildPhase section */

/* Begin PBXSourcesBuildPhase section */
		21D98BAB24A99F8000127AF6 /* Sources */ = {
			isa = PBXSourcesBuildPhase;
			buildActionMask = 2147483647;
			files = (
				21485BA524AB837F00CCA204 /* DesignView.swift in Sources */,
				21D98BD424AA2BD100127AF6 /* UserListViewController.swift in Sources */,
				21D98BC824A9A4B000127AF6 /* User.swift in Sources */,
				21D98BCE24A9CF4000127AF6 /* APIService.swift in Sources */,
				21D98BB324A99F8000127AF6 /* AppDelegate.swift in Sources */,
				21D98BD024A9EE1F00127AF6 /* UserListTableViewCell.swift in Sources */,
				21D98BD224AA16D300127AF6 /* UserViewModel.swift in Sources */,
				21D98BB524A99F8000127AF6 /* SceneDelegate.swift in Sources */,
			);
			runOnlyForDeploymentPostprocessing = 0;
		};
/* End PBXSourcesBuildPhase section */

/* Begin PBXVariantGroup section */
		21D98BB824A99F8000127AF6 /* Main.storyboard */ = {
			isa = PBXVariantGroup;
			children = (
				21D98BB924A99F8000127AF6 /* Base */,
			);
			name = Main.storyboard;
			sourceTree = "<group>";
		};
		21D98BBD24A99F8500127AF6 /* LaunchScreen.storyboard */ = {
			isa = PBXVariantGroup;
			children = (
				21D98BBE24A99F8500127AF6 /* Base */,
			);
			name = LaunchScreen.storyboard;
			sourceTree = "<group>";
		};
/* End PBXVariantGroup section */

/* Begin XCBuildConfiguration section */
		21D98BC124A99F8500127AF6 /* Debug */ = {
			isa = XCBuildConfiguration;
			buildSettings = {
				ALWAYS_SEARCH_USER_PATHS = NO;
				CLANG_ANALYZER_NONNULL = YES;
				CLANG_ANALYZER_NUMBER_OBJECT_CONVERSION = YES_AGGRESSIVE;
				CLANG_CXX_LANGUAGE_STANDARD = "gnu++14";
				CLANG_CXX_LIBRARY = "libc++";
				CLANG_ENABLE_MODULES = YES;
				CLANG_ENABLE_OBJC_ARC = YES;
				CLANG_ENABLE_OBJC_WEAK = YES;
				CLANG_WARN_BLOCK_CAPTURE_AUTORELEASING = YES;
				CLANG_WARN_BOOL_CONVERSION = YES;
				CLANG_WARN_COMMA = YES;
				CLANG_WARN_CONSTANT_CONVERSION = YES;
				CLANG_WARN_DEPRECATED_OBJC_IMPLEMENTATIONS = YES;
				CLANG_WARN_DIRECT_OBJC_ISA_USAGE = YES_ERROR;
				CLANG_WARN_DOCUMENTATION_COMMENTS = YES;
				CLANG_WARN_EMPTY_BODY = YES;
				CLANG_WARN_ENUM_CONVERSION = YES;
				CLANG_WARN_INFINITE_RECURSION = YES;
				CLANG_WARN_INT_CONVERSION = YES;
				CLANG_WARN_NON_LITERAL_NULL_CONVERSION = YES;
				CLANG_WARN_OBJC_IMPLICIT_RETAIN_SELF = YES;
				CLANG_WARN_OBJC_LITERAL_CONVERSION = YES;
				CLANG_WARN_OBJC_ROOT_CLASS = YES_ERROR;
				CLANG_WARN_RANGE_LOOP_ANALYSIS = YES;
				CLANG_WARN_STRICT_PROTOTYPES = YES;
				CLANG_WARN_SUSPICIOUS_MOVE = YES;
				CLANG_WARN_UNGUARDED_AVAILABILITY = YES_AGGRESSIVE;
				CLANG_WARN_UNREACHABLE_CODE = YES;
				CLANG_WARN__DUPLICATE_METHOD_MATCH = YES;
				COPY_PHASE_STRIP = NO;
				DEBUG_INFORMATION_FORMAT = dwarf;
				ENABLE_STRICT_OBJC_MSGSEND = YES;
				ENABLE_TESTABILITY = YES;
				GCC_C_LANGUAGE_STANDARD = gnu11;
				GCC_DYNAMIC_NO_PIC = NO;
				GCC_NO_COMMON_BLOCKS = YES;
				GCC_OPTIMIZATION_LEVEL = 0;
				GCC_PREPROCESSOR_DEFINITIONS = (
					"DEBUG=1",
					"$(inherited)",
				);
				GCC_WARN_64_TO_32_BIT_CONVERSION = YES;
				GCC_WARN_ABOUT_RETURN_TYPE = YES_ERROR;
				GCC_WARN_UNDECLARED_SELECTOR = YES;
				GCC_WARN_UNINITIALIZED_AUTOS = YES_AGGRESSIVE;
				GCC_WARN_UNUSED_FUNCTION = YES;
				GCC_WARN_UNUSED_VARIABLE = YES;
				IPHONEOS_DEPLOYMENT_TARGET = 13.5;
				MTL_ENABLE_DEBUG_INFO = INCLUDE_SOURCE;
				MTL_FAST_MATH = YES;
				ONLY_ACTIVE_ARCH = YES;
				SDKROOT = iphoneos;
				SWIFT_ACTIVE_COMPILATION_CONDITIONS = DEBUG;
				SWIFT_OPTIMIZATION_LEVEL = "-Onone";
			};
			name = Debug;
		};
		21D98BC224A99F8500127AF6 /* Release */ = {
			isa = XCBuildConfiguration;
			buildSettings = {
				ALWAYS_SEARCH_USER_PATHS = NO;
				CLANG_ANALYZER_NONNULL = YES;
				CLANG_ANALYZER_NUMBER_OBJECT_CONVERSION = YES_AGGRESSIVE;
				CLANG_CXX_LANGUAGE_STANDARD = "gnu++14";
				CLANG_CXX_LIBRARY = "libc++";
				CLANG_ENABLE_MODULES = YES;
				CLANG_ENABLE_OBJC_ARC = YES;
				CLANG_ENABLE_OBJC_WEAK = YES;
				CLANG_WARN_BLOCK_CAPTURE_AUTORELEASING = YES;
				CLANG_WARN_BOOL_CONVERSION = YES;
				CLANG_WARN_COMMA = YES;
				CLANG_WARN_CONSTANT_CONVERSION = YES;
				CLANG_WARN_DEPRECATED_OBJC_IMPLEMENTATIONS = YES;
				CLANG_WARN_DIRECT_OBJC_ISA_USAGE = YES_ERROR;
				CLANG_WARN_DOCUMENTATION_COMMENTS = YES;
				CLANG_WARN_EMPTY_BODY = YES;
				CLANG_WARN_ENUM_CONVERSION = YES;
				CLANG_WARN_INFINITE_RECURSION = YES;
				CLANG_WARN_INT_CONVERSION = YES;
				CLANG_WARN_NON_LITERAL_NULL_CONVERSION = YES;
				CLANG_WARN_OBJC_IMPLICIT_RETAIN_SELF = YES;
				CLANG_WARN_OBJC_LITERAL_CONVERSION = YES;
				CLANG_WARN_OBJC_ROOT_CLASS = YES_ERROR;
				CLANG_WARN_RANGE_LOOP_ANALYSIS = YES;
				CLANG_WARN_STRICT_PROTOTYPES = YES;
				CLANG_WARN_SUSPICIOUS_MOVE = YES;
				CLANG_WARN_UNGUARDED_AVAILABILITY = YES_AGGRESSIVE;
				CLANG_WARN_UNREACHABLE_CODE = YES;
				CLANG_WARN__DUPLICATE_METHOD_MATCH = YES;
				COPY_PHASE_STRIP = NO;
				DEBUG_INFORMATION_FORMAT = "dwarf-with-dsym";
				ENABLE_NS_ASSERTIONS = NO;
				ENABLE_STRICT_OBJC_MSGSEND = YES;
				GCC_C_LANGUAGE_STANDARD = gnu11;
				GCC_NO_COMMON_BLOCKS = YES;
				GCC_WARN_64_TO_32_BIT_CONVERSION = YES;
				GCC_WARN_ABOUT_RETURN_TYPE = YES_ERROR;
				GCC_WARN_UNDECLARED_SELECTOR = YES;
				GCC_WARN_UNINITIALIZED_AUTOS = YES_AGGRESSIVE;
				GCC_WARN_UNUSED_FUNCTION = YES;
				GCC_WARN_UNUSED_VARIABLE = YES;
				IPHONEOS_DEPLOYMENT_TARGET = 13.5;
				MTL_ENABLE_DEBUG_INFO = NO;
				MTL_FAST_MATH = YES;
				SDKROOT = iphoneos;
				SWIFT_COMPILATION_MODE = wholemodule;
				SWIFT_OPTIMIZATION_LEVEL = "-O";
				VALIDATE_PRODUCT = YES;
			};
			name = Release;
		};
		21D98BC424A99F8600127AF6 /* Debug */ = {
			isa = XCBuildConfiguration;
			buildSettings = {
				ASSETCATALOG_COMPILER_APPICON_NAME = AppIcon;
				CODE_SIGN_STYLE = Automatic;
				DEVELOPMENT_TEAM = 7QN4P34VRJ;
				INFOPLIST_FILE = GitHub_UsersList/Info.plist;
				LD_RUNPATH_SEARCH_PATHS = (
					"$(inherited)",
					"@executable_path/Frameworks",
				);
				PRODUCT_BUNDLE_IDENTIFIER = "com.wyn.GitHub-UsersList";
				PRODUCT_NAME = "$(TARGET_NAME)";
				SWIFT_VERSION = 5.0;
				TARGETED_DEVICE_FAMILY = "1,2";
			};
			name = Debug;
		};
		21D98BC524A99F8600127AF6 /* Release */ = {
			isa = XCBuildConfiguration;
			buildSettings = {
				ASSETCATALOG_COMPILER_APPICON_NAME = AppIcon;
				CODE_SIGN_STYLE = Automatic;
				DEVELOPMENT_TEAM = 7QN4P34VRJ;
				INFOPLIST_FILE = GitHub_UsersList/Info.plist;
				LD_RUNPATH_SEARCH_PATHS = (
					"$(inherited)",
					"@executable_path/Frameworks",
				);
				PRODUCT_BUNDLE_IDENTIFIER = "com.wyn.GitHub-UsersList";
				PRODUCT_NAME = "$(TARGET_NAME)";
				SWIFT_VERSION = 5.0;
				TARGETED_DEVICE_FAMILY = "1,2";
			};
			name = Release;
		};
/* End XCBuildConfiguration section */

/* Begin XCConfigurationList section */
		21D98BAA24A99F8000127AF6 /* Build configuration list for PBXProject "GitHub_UsersList" */ = {
			isa = XCConfigurationList;
			buildConfigurations = (
				21D98BC124A99F8500127AF6 /* Debug */,
				21D98BC224A99F8500127AF6 /* Release */,
			);
			defaultConfigurationIsVisible = 0;
			defaultConfigurationName = Release;
		};
		21D98BC324A99F8600127AF6 /* Build configuration list for PBXNativeTarget "GitHub_UsersList" */ = {
			isa = XCConfigurationList;
			buildConfigurations = (
				21D98BC424A99F8600127AF6 /* Debug */,
				21D98BC524A99F8600127AF6 /* Release */,
			);
			defaultConfigurationIsVisible = 0;
			defaultConfigurationName = Release;
		};
/* End XCConfigurationList section */
	};
	rootObject = 21D98BA724A99F8000127AF6 /* Project object */;
}
